
Microsoft Visual Studio Solution File, Format Version 12.00
# Visual Studio Version 17
VisualStudioVersion = 17.14.36327.8
MinimumVisualStudioVersion = 10.0.40219.1
Project("{2150E333-8FDC-42A3-9474-1A3956D46DE8}") = "Services", "Services", "{02EA681E-C7D8-13C7-8484-4AC65E1B71E8}"
EndProject
Project("{2150E333-8FDC-42A3-9474-1A3956D46DE8}") = "MenuService", "MenuService", "{CD76EC61-4244-4A25-AAD7-1A7DC30746D2}"
EndProject
Project("{2150E333-8FDC-42A3-9474-1A3956D46DE8}") = "LoginService", "LoginService", "{C6950D6C-97CE-4E36-A370-51963E5EF10E}"
EndProject
Project("{FAE04EC0-301F-11D3-BF4B-00C04F79EFBC}") = "MenuService.API", "MenuService.API\MenuService.API.csproj", "{35AC8642-19E6-476A-8E48-D2B77279D9DB}"
EndProject
Project("{FAE04EC0-301F-11D3-BF4B-00C04F79EFBC}") = "LoginService.API", "LoginService.API\LoginService.API.csproj", "{48F0B834-0E96-459D-AEFD-2641CFEF4A08}"
EndProject
Project("{FAE04EC0-301F-11D3-BF4B-00C04F79EFBC}") = "MenuService.Domain", "MenuServici.Domain\MenuService.Domain.csproj", "{95727866-460F-4794-BE3A-E1971EC1BA7E}"
EndProject
Project("{FAE04EC0-301F-11D3-BF4B-00C04F79EFBC}") = "MenuService.Infrastructure", "MenuService.Infrastructure\MenuService.Infrastructure.csproj", "{A008F0CA-590D-44C2-AD1B-84AFF40D1B98}"
EndProject
Project("{FAE04EC0-301F-11D3-BF4B-00C04F79EFBC}") = "MenuService.Aplication", "MenuService.Aplication\MenuService.Aplication.csproj", "{3C7D54C9-D6AD-44D1-967F-2D4C8A7CD47C}"
EndProject
Project("{FAE04EC0-301F-11D3-BF4B-00C04F79EFBC}") = "LoginService.Aplication", "LoginService.Aplication\LoginService.Aplication.csproj", "{65CA5708-854E-4670-93C5-7955C09E5915}"
EndProject
Project("{FAE04EC0-301F-11D3-BF4B-00C04F79EFBC}") = "LoginService.Domain", "LoginService.Domain\LoginService.Domain.csproj", "{E3153DF8-41AA-4050-B249-F475636BFAB5}"
EndProject
Project("{FAE04EC0-301F-11D3-BF4B-00C04F79EFBC}") = "LoginService.Infrastructure", "LoginService.Infrastructure\LoginService.Infrastructure.csproj", "{DE566611-ACBC-412B-B732-C901F05ABE28}"
EndProject
Project("{2150E333-8FDC-42A3-9474-1A3956D46DE8}") = "Auxiliar", "Auxiliar", "{8058CC56-3C59-40AE-8DC4-6946256E6618}"
EndProject
Project("{2150E333-8FDC-42A3-9474-1A3956D46DE8}") = "ApiGateway", "ApiGateway", "{B7C64ED4-238E-4328-9A3A-CF15AFCF3B28}"
EndProject
Project("{FAE04EC0-301F-11D3-BF4B-00C04F79EFBC}") = "OrdenesTrabajo.ApiGateway", "OrdenesTrabajo.ApiGateway\OrdenesTrabajo.ApiGateway.csproj", "{6E0584D4-30F9-4F3E-A875-A3C280C37E9B}"
EndProject
Project("{FAE04EC0-301F-11D3-BF4B-00C04F79EFBC}") = "Utilities", "Utilities\Utilities.csproj", "{62BCC082-3F8A-4473-A7D3-D3AE0C798021}"
EndProject
Project("{2150E333-8FDC-42A3-9474-1A3956D46DE8}") = "TicketService", "TicketService", "{C52DCE20-8B37-4F4D-A493-58908C3AFC3F}"
EndProject
Project("{FAE04EC0-301F-11D3-BF4B-00C04F79EFBC}") = "TicketService.API", "TicketService.API\TicketService.API.csproj", "{841032A7-BD08-4FEE-9358-A1F068332E59}"
EndProject
Project("{FAE04EC0-301F-11D3-BF4B-00C04F79EFBC}") = "TicketService.Aplication", "TicketService.Aplication\TicketService.Aplication.csproj", "{605029A8-0D8B-49E6-BD70-F2D7E5D98C91}"
EndProject
Project("{FAE04EC0-301F-11D3-BF4B-00C04F79EFBC}") = "TicketService.Domain", "TicketService.Domain\TicketService.Domain.csproj", "{D3C0C615-3167-499C-8368-AC8BA4E1656F}"
EndProject
Project("{FAE04EC0-301F-11D3-BF4B-00C04F79EFBC}") = "TicketService.Infrastructure", "TicketService.Infrastructure\TicketService.Infrastructure.csproj", "{52FFA333-90FB-4B1F-BEFC-E7B8FC468677}"
EndProject
Global
	GlobalSection(SolutionConfigurationPlatforms) = preSolution
		Debug|Any CPU = Debug|Any CPU
		Release|Any CPU = Release|Any CPU
	EndGlobalSection
	GlobalSection(ProjectConfigurationPlatforms) = postSolution
		{35AC8642-19E6-476A-8E48-D2B77279D9DB}.Debug|Any CPU.ActiveCfg = Debug|Any CPU
		{35AC8642-19E6-476A-8E48-D2B77279D9DB}.Debug|Any CPU.Build.0 = Debug|Any CPU
		{35AC8642-19E6-476A-8E48-D2B77279D9DB}.Release|Any CPU.ActiveCfg = Release|Any CPU
		{35AC8642-19E6-476A-8E48-D2B77279D9DB}.Release|Any CPU.Build.0 = Release|Any CPU
		{48F0B834-0E96-459D-AEFD-2641CFEF4A08}.Debug|Any CPU.ActiveCfg = Debug|Any CPU
		{48F0B834-0E96-459D-AEFD-2641CFEF4A08}.Debug|Any CPU.Build.0 = Debug|Any CPU
		{48F0B834-0E96-459D-AEFD-2641CFEF4A08}.Release|Any CPU.ActiveCfg = Release|Any CPU
		{48F0B834-0E96-459D-AEFD-2641CFEF4A08}.Release|Any CPU.Build.0 = Release|Any CPU
		{95727866-460F-4794-BE3A-E1971EC1BA7E}.Debug|Any CPU.ActiveCfg = Debug|Any CPU
		{95727866-460F-4794-BE3A-E1971EC1BA7E}.Debug|Any CPU.Build.0 = Debug|Any CPU
		{95727866-460F-4794-BE3A-E1971EC1BA7E}.Release|Any CPU.ActiveCfg = Release|Any CPU
		{95727866-460F-4794-BE3A-E1971EC1BA7E}.Release|Any CPU.Build.0 = Release|Any CPU
		{A008F0CA-590D-44C2-AD1B-84AFF40D1B98}.Debug|Any CPU.ActiveCfg = Debug|Any CPU
		{A008F0CA-590D-44C2-AD1B-84AFF40D1B98}.Debug|Any CPU.Build.0 = Debug|Any CPU
		{A008F0CA-590D-44C2-AD1B-84AFF40D1B98}.Release|Any CPU.ActiveCfg = Release|Any CPU
		{A008F0CA-590D-44C2-AD1B-84AFF40D1B98}.Release|Any CPU.Build.0 = Release|Any CPU
		{3C7D54C9-D6AD-44D1-967F-2D4C8A7CD47C}.Debug|Any CPU.ActiveCfg = Debug|Any CPU
		{3C7D54C9-D6AD-44D1-967F-2D4C8A7CD47C}.Debug|Any CPU.Build.0 = Debug|Any CPU
		{3C7D54C9-D6AD-44D1-967F-2D4C8A7CD47C}.Release|Any CPU.ActiveCfg = Release|Any CPU
		{3C7D54C9-D6AD-44D1-967F-2D4C8A7CD47C}.Release|Any CPU.Build.0 = Release|Any CPU
		{65CA5708-854E-4670-93C5-7955C09E5915}.Debug|Any CPU.ActiveCfg = Debug|Any CPU
		{65CA5708-854E-4670-93C5-7955C09E5915}.Debug|Any CPU.Build.0 = Debug|Any CPU
		{65CA5708-854E-4670-93C5-7955C09E5915}.Release|Any CPU.ActiveCfg = Release|Any CPU
		{65CA5708-854E-4670-93C5-7955C09E5915}.Release|Any CPU.Build.0 = Release|Any CPU
		{E3153DF8-41AA-4050-B249-F475636BFAB5}.Debug|Any CPU.ActiveCfg = Debug|Any CPU
		{E3153DF8-41AA-4050-B249-F475636BFAB5}.Debug|Any CPU.Build.0 = Debug|Any CPU
		{E3153DF8-41AA-4050-B249-F475636BFAB5}.Release|Any CPU.ActiveCfg = Release|Any CPU
		{E3153DF8-41AA-4050-B249-F475636BFAB5}.Release|Any CPU.Build.0 = Release|Any CPU
		{DE566611-ACBC-412B-B732-C901F05ABE28}.Debug|Any CPU.ActiveCfg = Debug|Any CPU
		{DE566611-ACBC-412B-B732-C901F05ABE28}.Debug|Any CPU.Build.0 = Debug|Any CPU
		{DE566611-ACBC-412B-B732-C901F05ABE28}.Release|Any CPU.ActiveCfg = Release|Any CPU
		{DE566611-ACBC-412B-B732-C901F05ABE28}.Release|Any CPU.Build.0 = Release|Any CPU
		{6E0584D4-30F9-4F3E-A875-A3C280C37E9B}.Debug|Any CPU.ActiveCfg = Debug|Any CPU
		{6E0584D4-30F9-4F3E-A875-A3C280C37E9B}.Debug|Any CPU.Build.0 = Debug|Any CPU
		{6E0584D4-30F9-4F3E-A875-A3C280C37E9B}.Release|Any CPU.ActiveCfg = Release|Any CPU
		{6E0584D4-30F9-4F3E-A875-A3C280C37E9B}.Release|Any CPU.Build.0 = Release|Any CPU
		{62BCC082-3F8A-4473-A7D3-D3AE0C798021}.Debug|Any CPU.ActiveCfg = Debug|Any CPU
		{62BCC082-3F8A-4473-A7D3-D3AE0C798021}.Debug|Any CPU.Build.0 = Debug|Any CPU
		{62BCC082-3F8A-4473-A7D3-D3AE0C798021}.Release|Any CPU.ActiveCfg = Release|Any CPU
		{62BCC082-3F8A-4473-A7D3-D3AE0C798021}.Release|Any CPU.Build.0 = Release|Any CPU
		{841032A7-BD08-4FEE-9358-A1F068332E59}.Debug|Any CPU.ActiveCfg = Debug|Any CPU
		{841032A7-BD08-4FEE-9358-A1F068332E59}.Debug|Any CPU.Build.0 = Debug|Any CPU
		{841032A7-BD08-4FEE-9358-A1F068332E59}.Release|Any CPU.ActiveCfg = Release|Any CPU
		{841032A7-BD08-4FEE-9358-A1F068332E59}.Release|Any CPU.Build.0 = Release|Any CPU
		{605029A8-0D8B-49E6-BD70-F2D7E5D98C91}.Debug|Any CPU.ActiveCfg = Debug|Any CPU
		{605029A8-0D8B-49E6-BD70-F2D7E5D98C91}.Debug|Any CPU.Build.0 = Debug|Any CPU
		{605029A8-0D8B-49E6-BD70-F2D7E5D98C91}.Release|Any CPU.ActiveCfg = Release|Any CPU
		{605029A8-0D8B-49E6-BD70-F2D7E5D98C91}.Release|Any CPU.Build.0 = Release|Any CPU
		{D3C0C615-3167-499C-8368-AC8BA4E1656F}.Debug|Any CPU.ActiveCfg = Debug|Any CPU
		{D3C0C615-3167-499C-8368-AC8BA4E1656F}.Debug|Any CPU.Build.0 = Debug|Any CPU
		{D3C0C615-3167-499C-8368-AC8BA4E1656F}.Release|Any CPU.ActiveCfg = Release|Any CPU
		{D3C0C615-3167-499C-8368-AC8BA4E1656F}.Release|Any CPU.Build.0 = Release|Any CPU
		{52FFA333-90FB-4B1F-BEFC-E7B8FC468677}.Debug|Any CPU.ActiveCfg = Debug|Any CPU
		{52FFA333-90FB-4B1F-BEFC-E7B8FC468677}.Debug|Any CPU.Build.0 = Debug|Any CPU
		{52FFA333-90FB-4B1F-BEFC-E7B8FC468677}.Release|Any CPU.ActiveCfg = Release|Any CPU
		{52FFA333-90FB-4B1F-BEFC-E7B8FC468677}.Release|Any CPU.Build.0 = Release|Any CPU
	EndGlobalSection
	GlobalSection(SolutionProperties) = preSolution
		HideSolutionNode = FALSE
	EndGlobalSection
	GlobalSection(NestedProjects) = preSolution
		{CD76EC61-4244-4A25-AAD7-1A7DC30746D2} = {02EA681E-C7D8-13C7-8484-4AC65E1B71E8}
		{C6950D6C-97CE-4E36-A370-51963E5EF10E} = {02EA681E-C7D8-13C7-8484-4AC65E1B71E8}
		{35AC8642-19E6-476A-8E48-D2B77279D9DB} = {CD76EC61-4244-4A25-AAD7-1A7DC30746D2}
		{48F0B834-0E96-459D-AEFD-2641CFEF4A08} = {C6950D6C-97CE-4E36-A370-51963E5EF10E}
		{95727866-460F-4794-BE3A-E1971EC1BA7E} = {CD76EC61-4244-4A25-AAD7-1A7DC30746D2}
		{A008F0CA-590D-44C2-AD1B-84AFF40D1B98} = {CD76EC61-4244-4A25-AAD7-1A7DC30746D2}
		{3C7D54C9-D6AD-44D1-967F-2D4C8A7CD47C} = {CD76EC61-4244-4A25-AAD7-1A7DC30746D2}
		{65CA5708-854E-4670-93C5-7955C09E5915} = {C6950D6C-97CE-4E36-A370-51963E5EF10E}
		{E3153DF8-41AA-4050-B249-F475636BFAB5} = {C6950D6C-97CE-4E36-A370-51963E5EF10E}
		{DE566611-ACBC-412B-B732-C901F05ABE28} = {C6950D6C-97CE-4E36-A370-51963E5EF10E}
		{6E0584D4-30F9-4F3E-A875-A3C280C37E9B} = {B7C64ED4-238E-4328-9A3A-CF15AFCF3B28}
		{62BCC082-3F8A-4473-A7D3-D3AE0C798021} = {8058CC56-3C59-40AE-8DC4-6946256E6618}
		{C52DCE20-8B37-4F4D-A493-58908C3AFC3F} = {02EA681E-C7D8-13C7-8484-4AC65E1B71E8}
		{841032A7-BD08-4FEE-9358-A1F068332E59} = {C52DCE20-8B37-4F4D-A493-58908C3AFC3F}
		{605029A8-0D8B-49E6-BD70-F2D7E5D98C91} = {C52DCE20-8B37-4F4D-A493-58908C3AFC3F}
		{D3C0C615-3167-499C-8368-AC8BA4E1656F} = {C52DCE20-8B37-4F4D-A493-58908C3AFC3F}
		{52FFA333-90FB-4B1F-BEFC-E7B8FC468677} = {C52DCE20-8B37-4F4D-A493-58908C3AFC3F}
	EndGlobalSection
	GlobalSection(ExtensibilityGlobals) = postSolution
		SolutionGuid = {7D3E1424-E3C3-4D65-9F4E-CF55AFA8DCB7}
	EndGlobalSection
EndGlobal
